
Microsoft Visual Studio Solution File, Format Version 12.00
# Visual Studio Version 16
VisualStudioVersion = 16.0.31205.134
MinimumVisualStudioVersion = 10.0.40219.1
Project("{FAE04EC0-301F-11D3-BF4B-00C04F79EFBC}") = "cursoMVC", "cursoMVC\cursoMVC.csproj", "{21E23B78-A67A-4FD7-A105-1B0DACDE7C14}"
EndProject
Global
	GlobalSection(SolutionConfigurationPlatforms) = preSolution
		Debug|Any CPU = Debug|Any CPU
		Release|Any CPU = Release|Any CPU
	EndGlobalSection
	GlobalSection(ProjectConfigurationPlatforms) = postSolution
		{21E23B78-A67A-4FD7-A105-1B0DACDE7C14}.Debug|Any CPU.ActiveCfg = Debug|Any CPU
		{21E23B78-A67A-4FD7-A105-1B0DACDE7C14}.Debug|Any CPU.Build.0 = Debug|Any CPU
		{21E23B78-A67A-4FD7-A105-1B0DACDE7C14}.Release|Any CPU.ActiveCfg = Release|Any CPU
		{21E23B78-A67A-4FD7-A105-1B0DACDE7C14}.Release|Any CPU.Build.0 = Release|Any CPU
	EndGlobalSection
	GlobalSection(SolutionProperties) = preSolution
		HideSolutionNode = FALSE
	EndGlobalSection
	GlobalSection(ExtensibilityGlobals) = postSolution
		SolutionGuid = {0502B11F-8753-4F04-8A66-526FD27A3E9E}
	EndGlobalSection
EndGlobal
